
Microsoft Visual Studio Solution File, Format Version 12.00
# Visual Studio Version 17
VisualStudioVersion = 17.11.35219.272
MinimumVisualStudioVersion = 10.0.40219.1
Project("{FAE04EC0-301F-11D3-BF4B-00C04F79EFBC}") = "LinkStorage.Web", "LinkStorage.Web\LinkStorage.Web.csproj", "{CE224522-A813-4143-B5BF-1942E2CB9806}"
EndProject
Project("{FAE04EC0-301F-11D3-BF4B-00C04F79EFBC}") = "LinkStorage.Data", "LinkStorage.Data\LinkStorage.Data.csproj", "{3BB0275E-EB08-4E5F-9B16-2DF4DAC85151}"
EndProject
Project("{FAE04EC0-301F-11D3-BF4B-00C04F79EFBC}") = "LinkStorage.Repository", "LinkStorage.Repository\LinkStorage.Repository.csproj", "{507F281B-767B-4F44-9077-01359754765A}"
EndProject
Project("{FAE04EC0-301F-11D3-BF4B-00C04F79EFBC}") = "LinkStorage.Business", "LinkStorage.Business\LinkStorage.Business.csproj", "{46AEB7F4-A2EE-4230-B154-A3F32B405397}"
EndProject
Project("{FAE04EC0-301F-11D3-BF4B-00C04F79EFBC}") = "LinkStorage.Models", "LinkStorage.Models\LinkStorage.Models.csproj", "{7730E8E3-B441-4ABE-9671-7CDF3E1AA725}"
EndProject
Global
	GlobalSection(SolutionConfigurationPlatforms) = preSolution
		Debug|Any CPU = Debug|Any CPU
		Release|Any CPU = Release|Any CPU
	EndGlobalSection
	GlobalSection(ProjectConfigurationPlatforms) = postSolution
		{CE224522-A813-4143-B5BF-1942E2CB9806}.Debug|Any CPU.ActiveCfg = Debug|Any CPU
		{CE224522-A813-4143-B5BF-1942E2CB9806}.Debug|Any CPU.Build.0 = Debug|Any CPU
		{CE224522-A813-4143-B5BF-1942E2CB9806}.Release|Any CPU.ActiveCfg = Release|Any CPU
		{CE224522-A813-4143-B5BF-1942E2CB9806}.Release|Any CPU.Build.0 = Release|Any CPU
		{3BB0275E-EB08-4E5F-9B16-2DF4DAC85151}.Debug|Any CPU.ActiveCfg = Debug|Any CPU
		{3BB0275E-EB08-4E5F-9B16-2DF4DAC85151}.Debug|Any CPU.Build.0 = Debug|Any CPU
		{3BB0275E-EB08-4E5F-9B16-2DF4DAC85151}.Release|Any CPU.ActiveCfg = Release|Any CPU
		{3BB0275E-EB08-4E5F-9B16-2DF4DAC85151}.Release|Any CPU.Build.0 = Release|Any CPU
		{507F281B-767B-4F44-9077-01359754765A}.Debug|Any CPU.ActiveCfg = Debug|Any CPU
		{507F281B-767B-4F44-9077-01359754765A}.Debug|Any CPU.Build.0 = Debug|Any CPU
		{507F281B-767B-4F44-9077-01359754765A}.Release|Any CPU.ActiveCfg = Release|Any CPU
		{507F281B-767B-4F44-9077-01359754765A}.Release|Any CPU.Build.0 = Release|Any CPU
		{46AEB7F4-A2EE-4230-B154-A3F32B405397}.Debug|Any CPU.ActiveCfg = Debug|Any CPU
		{46AEB7F4-A2EE-4230-B154-A3F32B405397}.Debug|Any CPU.Build.0 = Debug|Any CPU
		{46AEB7F4-A2EE-4230-B154-A3F32B405397}.Release|Any CPU.ActiveCfg = Release|Any CPU
		{46AEB7F4-A2EE-4230-B154-A3F32B405397}.Release|Any CPU.Build.0 = Release|Any CPU
		{7730E8E3-B441-4ABE-9671-7CDF3E1AA725}.Debug|Any CPU.ActiveCfg = Debug|Any CPU
		{7730E8E3-B441-4ABE-9671-7CDF3E1AA725}.Debug|Any CPU.Build.0 = Debug|Any CPU
		{7730E8E3-B441-4ABE-9671-7CDF3E1AA725}.Release|Any CPU.ActiveCfg = Release|Any CPU
		{7730E8E3-B441-4ABE-9671-7CDF3E1AA725}.Release|Any CPU.Build.0 = Release|Any CPU
	EndGlobalSection
	GlobalSection(SolutionProperties) = preSolution
		HideSolutionNode = FALSE
	EndGlobalSection
	GlobalSection(ExtensibilityGlobals) = postSolution
		SolutionGuid = {DF21AB76-916B-4489-84EA-062C530B60A7}
	EndGlobalSection
EndGlobal
